
Microsoft Visual Studio Solution File, Format Version 12.00
# Visual Studio Version 17
VisualStudioVersion = 17.13.35825.156
MinimumVisualStudioVersion = 10.0.40219.1
Project("{FAE04EC0-301F-11D3-BF4B-00C04F79EFBC}") = "Bills_MQTT_Tester", "HelloMaui2\Bills_MQTT_Tester.csproj", "{8F40C294-6198-43F7-AD14-678C17735942}"
EndProject
Global
	GlobalSection(SolutionConfigurationPlatforms) = preSolution
		Debug|Any CPU = Debug|Any CPU
		Release|Any CPU = Release|Any CPU
	EndGlobalSection
	GlobalSection(ProjectConfigurationPlatforms) = postSolution
		{8F40C294-6198-43F7-AD14-678C17735942}.Debug|Any CPU.ActiveCfg = Debug|Any CPU
		{8F40C294-6198-43F7-AD14-678C17735942}.Debug|Any CPU.Build.0 = Debug|Any CPU
		{8F40C294-6198-43F7-AD14-678C17735942}.Debug|Any CPU.Deploy.0 = Debug|Any CPU
		{8F40C294-6198-43F7-AD14-678C17735942}.Release|Any CPU.ActiveCfg = Release|Any CPU
		{8F40C294-6198-43F7-AD14-678C17735942}.Release|Any CPU.Build.0 = Release|Any CPU
		{8F40C294-6198-43F7-AD14-678C17735942}.Release|Any CPU.Deploy.0 = Release|Any CPU
	EndGlobalSection
	GlobalSection(SolutionProperties) = preSolution
		HideSolutionNode = FALSE
	EndGlobalSection
	GlobalSection(ExtensibilityGlobals) = postSolution
		SolutionGuid = {FB3A7BA9-E296-4944-B66E-F46DF244F2BA}
	EndGlobalSection
EndGlobal
